
Microsoft Visual Studio Solution File, Format Version 12.00
# Visual Studio Version 17
VisualStudioVersion = 17.2.32616.157
MinimumVisualStudioVersion = 10.0.40219.1
Project("{8BC9CEB8-8B4A-11D0-8D11-00A0C91BC942}") = "VALORANT", "VALORANT.vcxproj", "{0DF87F4D-16D8-4835-B552-9F5C4A0D2044}"
EndProject
Global
	GlobalSection(SolutionConfigurationPlatforms) = preSolution
		Debug|x64 = Debug|x64
		Debug|x86 = Debug|x86
		Release|x64 = Release|x64
		Release|x86 = Release|x86
	EndGlobalSection
	GlobalSection(ProjectConfigurationPlatforms) = postSolution
		{0DF87F4D-16D8-4835-B552-9F5C4A0D2044}.Debug|x64.ActiveCfg = Debug|x64
		{0DF87F4D-16D8-4835-B552-9F5C4A0D2044}.Debug|x64.Build.0 = Debug|x64
		{0DF87F4D-16D8-4835-B552-9F5C4A0D2044}.Debug|x86.ActiveCfg = Debug|Win32
		{0DF87F4D-16D8-4835-B552-9F5C4A0D2044}.Debug|x86.Build.0 = Debug|Win32
		{0DF87F4D-16D8-4835-B552-9F5C4A0D2044}.Release|x64.ActiveCfg = Release|x64
		{0DF87F4D-16D8-4835-B552-9F5C4A0D2044}.Release|x64.Build.0 = Release|x64
		{0DF87F4D-16D8-4835-B552-9F5C4A0D2044}.Release|x86.ActiveCfg = Release|Win32
		{0DF87F4D-16D8-4835-B552-9F5C4A0D2044}.Release|x86.Build.0 = Release|Win32
	EndGlobalSection
	GlobalSection(SolutionProperties) = preSolution
		HideSolutionNode = FALSE
	EndGlobalSection
	GlobalSection(ExtensibilityGlobals) = postSolution
		SolutionGuid = {ECE949B5-DEBC-404E-BD21-FB63B5C1604E}
	EndGlobalSection
EndGlobal
